github.com/aws/aws-sdk-go-v2 v1.30.3 h1:jUeBtG0Ih+ZIFH0F4UkmL9w3cSpaMv9tYYDbzILP8dY=
github.com/aws/aws-sdk-go-v2 v1.30.3/go.mod h1:nIQjQVp5sfpQcTc9mPSr1B0PaWK5ByX9MOoDadSN4lc=
github.com/aws/aws-sdk-go-v2/internal/configsources v1.3.15 h1:SoNJ4RlFEQEbtDcCEt+QG56MY4fm4W8rYirAmq+/DdU=
github.com/aws/aws-sdk-go-v2/internal/configsources v1.3.15/go.mod h1:U9ke74k1n2bf+RIgoX1SXFed1HLs51OgUSs+Ph0KJP8=
github.com/aws/aws-sdk-go-v2/internal/endpoints/v2 v2.6.15 h1:C6WHdGnTDIYETAm5iErQUiVNsclNx9qbJVPIt03B6bI=
github.com/aws/aws-sdk-go-v2/internal/endpoints/v2 v2.6.15/go.mod h1:ZQLZqhcu+JhSrA9/NXRm8SkDvsycE+JkV3WGY41e+IM=
github.com/aws/aws-sdk-go-v2/service/secretsmanager v1.32.4 h1:NgRFYyFpiMD62y4VPXh4DosPFbZd4vdMVBWKk0VmWXc=
github.com/aws/aws-sdk-go-v2/service/secretsmanager v1.32.4/go.mod h1:TKKN7IQoM7uTnyuFm9bm9cw5P//ZYTl4m3htBWQ1G/c=
github.com/aws/smithy-go v1.20.3 h1:ryHwveWzPV5BIof6fyDvor6V3iUL7nTfiTKXHiW05nE=
github.com/aws/smithy-go v1.20.3/go.mod h1:krry+ya/rV9RDcV/Q16kpu6ypI4K2czasz0NC3qS14E=
github.com/davecgh/go-spew v1.1.0/go.mod h1:J7Y8YcW2NihsgmVo/mv3lAwl/skON4iLHjSsI+c5H38=
github.com/davecgh/go-spew v1.1.1 h1:vj9j/u1bqnvCEfJOwUhtlOARqs3+rkHYY13jYWTU97c=
github.com/davecgh/go-spew v1.1.1/go.mod h1:J7Y8YcW2NihsgmVo/mv3lAwl/skON4iLHjSsI+c5H38=
github.com/golang-jwt/jwt/v4 v4.5.0 h1:7cYmW1XlMY7h7ii7UhUyChSgS5wUJEnm9uZVTGqOWzg=
github.com/golang-jwt/jwt/v4 v4.5.0/go.mod h1:m21LjoU+eqJr34lmDMbreY2eSTRJ1cv77w39/MY0Ch0=
github.com/pmezard/go-difflib v1.0.0 h1:4DBwDE0NGyQoBHbLQYPwSUPoCMWR5BEzIk/f1lZbAQM=
github.com/pmezard/go-difflib v1.0.0/go.mod h1:iKH77koFhYxTK1pcRnkKkqfTogsbg7gZNVY4sRDYZ/4=
github.com/sirupsen/logrus v1.9.3 h1:dueUQJ1C2q9oE3F7wvmSGAaVtTmUizReu6fjN8uqzbQ=
github.com/sirupsen/logrus v1.9.3/go.mod h1:naHLuLoDiP4jHNo9R0sCBMtWGeIprob74mVsIT4qYEQ=
github.com/stretchr/objx v0.1.0/go.mod h1:HFkY916IF+rwdDfMAkV7OtwuqBVzrE8GR6GFx+wExME=
github.com/stretchr/testify v1.7.0 h1:nwc3DEeHmmLAfoZucVR881uASk0Mfjw8xYJ99tb5CcY=
github.com/stretchr/testify v1.7.0/go.mod h1:6Fq8oRcR53rry900zMqJjRRixrwX3KX962/h/Wwjteg=
golang.org/x/sys v0.0.0-20220715151400-c0bba94af5f8 h1:0A+M6Uqn+Eje4kHMK80dtF3JCXC4ykBgQG4Fe06QRhQ=
golang.org/x/sys v0.0.0-20220715151400-c0bba94af5f8/go.mod h1:oPkhp1MJrh7nUepCBck5+mAzfO9JrbApNNgaTdGDITg=
gopkg.in/check.v1 v0.0.0-20161208181325-20d25e280405/go.mod h1:Co6ibVJAznAaIkqp8huTwlJQCZ016jof/cbN4VW5Yz0=
gopkg.in/yaml.v3 v3.0.0-20200313102051-9f266ea9e77c h1:dUUwHk2QECo/6vqA44rthZ8ie2QXMNeKRTHCNY2nXvo=
gopkg.in/yaml.v3 v3.0.0-20200313102051-9f266ea9e77c/go.mod h1:K4uyk7z7BCEPqu6E+C64Yfv1cQ7kz7rIZviUmN+EgEM=
